
Microsoft Visual Studio Solution File, Format Version 12.00
# Visual Studio 14
VisualStudioVersion = 14.0.25420.1
MinimumVisualStudioVersion = 10.0.40219.1
Project("{FAE04EC0-301F-11D3-BF4B-00C04F79EFBC}") = "RocketMaths", "RocketMaths\RocketMaths.csproj", "{CCDE193D-FC99-49C0-A9A3-348F7E9727FE}"
EndProject
Project("{FAE04EC0-301F-11D3-BF4B-00C04F79EFBC}") = "RocketMaths.Tests", "RocketMaths.Tests\RocketMaths.Tests.csproj", "{CF2DEA7F-33BB-42EB-9514-B023F7413349}"
EndProject
Global
	GlobalSection(SolutionConfigurationPlatforms) = preSolution
		Debug|Any CPU = Debug|Any CPU
		Release|Any CPU = Release|Any CPU
	EndGlobalSection
	GlobalSection(ProjectConfigurationPlatforms) = postSolution
		{CCDE193D-FC99-49C0-A9A3-348F7E9727FE}.Debug|Any CPU.ActiveCfg = Debug|Any CPU
		{CCDE193D-FC99-49C0-A9A3-348F7E9727FE}.Debug|Any CPU.Build.0 = Debug|Any CPU
		{CCDE193D-FC99-49C0-A9A3-348F7E9727FE}.Release|Any CPU.ActiveCfg = Release|Any CPU
		{CCDE193D-FC99-49C0-A9A3-348F7E9727FE}.Release|Any CPU.Build.0 = Release|Any CPU
		{CF2DEA7F-33BB-42EB-9514-B023F7413349}.Debug|Any CPU.ActiveCfg = Debug|Any CPU
		{CF2DEA7F-33BB-42EB-9514-B023F7413349}.Debug|Any CPU.Build.0 = Debug|Any CPU
		{CF2DEA7F-33BB-42EB-9514-B023F7413349}.Release|Any CPU.ActiveCfg = Release|Any CPU
		{CF2DEA7F-33BB-42EB-9514-B023F7413349}.Release|Any CPU.Build.0 = Release|Any CPU
	EndGlobalSection
	GlobalSection(SolutionProperties) = preSolution
		HideSolutionNode = FALSE
	EndGlobalSection
EndGlobal
